// !$*UTF8*$!
{
	archiveVersion = 1;
	classes = {
	};
	objectVersion = 56;
	objects = {

/* Begin PBXBuildFile section */
		CA9C8B272BC2AA4A00FF4A41 /* BucketListApp.swift in Sources */ = {isa = PBXBuildFile; fileRef = CA9C8B262BC2AA4A00FF4A41 /* BucketListApp.swift */; };
		CA9C8B292BC2AA4A00FF4A41 /* ContentView.swift in Sources */ = {isa = PBXBuildFile; fileRef = CA9C8B282BC2AA4A00FF4A41 /* ContentView.swift */; };
		CA9C8B2B2BC2AA4C00FF4A41 /* Assets.xcassets in Resources */ = {isa = PBXBuildFile; fileRef = CA9C8B2A2BC2AA4C00FF4A41 /* Assets.xcassets */; };
		CA9C8B2E2BC2AA4C00FF4A41 /* Preview Assets.xcassets in Resources */ = {isa = PBXBuildFile; fileRef = CA9C8B2D2BC2AA4C00FF4A41 /* Preview Assets.xcassets */; };
		CA9C8B352BC2AC2900FF4A41 /* AddingConformanceComparable.swift in Sources */ = {isa = PBXBuildFile; fileRef = CA9C8B342BC2AC2900FF4A41 /* AddingConformanceComparable.swift */; };
		CA9C8B372BC30A2200FF4A41 /* SwitchingViewStatesWithEnums.swift in Sources */ = {isa = PBXBuildFile; fileRef = CA9C8B362BC30A2200FF4A41 /* SwitchingViewStatesWithEnums.swift */; };
		CA9C8B392BC30DB200FF4A41 /* MapKitCV.swift in Sources */ = {isa = PBXBuildFile; fileRef = CA9C8B382BC30DB200FF4A41 /* MapKitCV.swift */; };
		CA9C8B3B2BC3188200FF4A41 /* TouchIDFaceIDCV.swift in Sources */ = {isa = PBXBuildFile; fileRef = CA9C8B3A2BC3188200FF4A41 /* TouchIDFaceIDCV.swift */; };
		CA9C8B3D2BC31EE500FF4A41 /* AddingUserLocationsMap.swift in Sources */ = {isa = PBXBuildFile; fileRef = CA9C8B3C2BC31EE500FF4A41 /* AddingUserLocationsMap.swift */; };
		CA9C8B3F2BC3253800FF4A41 /* Location.swift in Sources */ = {isa = PBXBuildFile; fileRef = CA9C8B3E2BC3253800FF4A41 /* Location.swift */; };
		CA9C8B412BC3336900FF4A41 /* EditView.swift in Sources */ = {isa = PBXBuildFile; fileRef = CA9C8B402BC3336900FF4A41 /* EditView.swift */; };
		CA9C8B432BC33A8A00FF4A41 /* Result.swift in Sources */ = {isa = PBXBuildFile; fileRef = CA9C8B422BC33A8A00FF4A41 /* Result.swift */; };
/* End PBXBuildFile section */

/* Begin PBXFileReference section */
		CA9C8B232BC2AA4A00FF4A41 /* BucketList.app */ = {isa = PBXFileReference; explicitFileType = wrapper.application; includeInIndex = 0; path = BucketList.app; sourceTree = BUILT_PRODUCTS_DIR; };
		CA9C8B262BC2AA4A00FF4A41 /* BucketListApp.swift */ = {isa = PBXFileReference; lastKnownFileType = sourcecode.swift; path = BucketListApp.swift; sourceTree = "<group>"; };
		CA9C8B282BC2AA4A00FF4A41 /* ContentView.swift */ = {isa = PBXFileReference; lastKnownFileType = sourcecode.swift; path = ContentView.swift; sourceTree = "<group>"; };
		CA9C8B2A2BC2AA4C00FF4A41 /* Assets.xcassets */ = {isa = PBXFileReference; lastKnownFileType = folder.assetcatalog; path = Assets.xcassets; sourceTree = "<group>"; };
		CA9C8B2D2BC2AA4C00FF4A41 /* Preview Assets.xcassets */ = {isa = PBXFileReference; lastKnownFileType = folder.assetcatalog; path = "Preview Assets.xcassets"; sourceTree = "<group>"; };
		CA9C8B342BC2AC2900FF4A41 /* AddingConformanceComparable.swift */ = {isa = PBXFileReference; lastKnownFileType = sourcecode.swift; path = AddingConformanceComparable.swift; sourceTree = "<group>"; };
		CA9C8B362BC30A2200FF4A41 /* SwitchingViewStatesWithEnums.swift */ = {isa = PBXFileReference; lastKnownFileType = sourcecode.swift; path = SwitchingViewStatesWithEnums.swift; sourceTree = "<group>"; };
		CA9C8B382BC30DB200FF4A41 /* MapKitCV.swift */ = {isa = PBXFileReference; lastKnownFileType = sourcecode.swift; path = MapKitCV.swift; sourceTree = "<group>"; };
		CA9C8B3A2BC3188200FF4A41 /* TouchIDFaceIDCV.swift */ = {isa = PBXFileReference; lastKnownFileType = sourcecode.swift; path = TouchIDFaceIDCV.swift; sourceTree = "<group>"; };
		CA9C8B3C2BC31EE500FF4A41 /* AddingUserLocationsMap.swift */ = {isa = PBXFileReference; lastKnownFileType = sourcecode.swift; path = AddingUserLocationsMap.swift; sourceTree = "<group>"; };
		CA9C8B3E2BC3253800FF4A41 /* Location.swift */ = {isa = PBXFileReference; lastKnownFileType = sourcecode.swift; path = Location.swift; sourceTree = "<group>"; };
		CA9C8B402BC3336900FF4A41 /* EditView.swift */ = {isa = PBXFileReference; lastKnownFileType = sourcecode.swift; path = EditView.swift; sourceTree = "<group>"; };
		CA9C8B422BC33A8A00FF4A41 /* Result.swift */ = {isa = PBXFileReference; lastKnownFileType = sourcecode.swift; path = Result.swift; sourceTree = "<group>"; };
/* End PBXFileReference section */

/* Begin PBXFrameworksBuildPhase section */
		CA9C8B202BC2AA4A00FF4A41 /* Frameworks */ = {
			isa = PBXFrameworksBuildPhase;
			buildActionMask = 2147483647;
			files = (
			);
			runOnlyForDeploymentPostprocessing = 0;
		};
/* End PBXFrameworksBuildPhase section */

/* Begin PBXGroup section */
		CA9C8B1A2BC2AA4A00FF4A41 = {
			isa = PBXGroup;
			children = (
				CA9C8B252BC2AA4A00FF4A41 /* BucketList */,
				CA9C8B242BC2AA4A00FF4A41 /* Products */,
			);
			sourceTree = "<group>";
		};
		CA9C8B242BC2AA4A00FF4A41 /* Products */ = {
			isa = PBXGroup;
			children = (
				CA9C8B232BC2AA4A00FF4A41 /* BucketList.app */,
			);
			name = Products;
			sourceTree = "<group>";
		};
		CA9C8B252BC2AA4A00FF4A41 /* BucketList */ = {
			isa = PBXGroup;
			children = (
				CA9C8B262BC2AA4A00FF4A41 /* BucketListApp.swift */,
				CA9C8B282BC2AA4A00FF4A41 /* ContentView.swift */,
				CA9C8B3C2BC31EE500FF4A41 /* AddingUserLocationsMap.swift */,
				CA9C8B422BC33A8A00FF4A41 /* Result.swift */,
				CA9C8B402BC3336900FF4A41 /* EditView.swift */,
				CA9C8B3E2BC3253800FF4A41 /* Location.swift */,
				CA9C8B2A2BC2AA4C00FF4A41 /* Assets.xcassets */,
				CA9C8B2C2BC2AA4C00FF4A41 /* Preview Content */,
				CA9C8B342BC2AC2900FF4A41 /* AddingConformanceComparable.swift */,
				CA9C8B362BC30A2200FF4A41 /* SwitchingViewStatesWithEnums.swift */,
				CA9C8B382BC30DB200FF4A41 /* MapKitCV.swift */,
				CA9C8B3A2BC3188200FF4A41 /* TouchIDFaceIDCV.swift */,
			);
			path = BucketList;
			sourceTree = "<group>";
		};
		CA9C8B2C2BC2AA4C00FF4A41 /* Preview Content */ = {
			isa = PBXGroup;
			children = (
				CA9C8B2D2BC2AA4C00FF4A41 /* Preview Assets.xcassets */,
			);
			path = "Preview Content";
			sourceTree = "<group>";
		};
/* End PBXGroup section */

/* Begin PBXNativeTarget section */
		CA9C8B222BC2AA4A00FF4A41 /* BucketList */ = {
			isa = PBXNativeTarget;
			buildConfigurationList = CA9C8B312BC2AA4C00FF4A41 /* Build configuration list for PBXNativeTarget "BucketList" */;
			buildPhases = (
				CA9C8B1F2BC2AA4A00FF4A41 /* Sources */,
				CA9C8B202BC2AA4A00FF4A41 /* Frameworks */,
				CA9C8B212BC2AA4A00FF4A41 /* Resources */,
			);
			buildRules = (
			);
			dependencies = (
			);
			name = BucketList;
			productName = BucketList;
			productReference = CA9C8B232BC2AA4A00FF4A41 /* BucketList.app */;
			productType = "com.apple.product-type.application";
		};
/* End PBXNativeTarget section */

/* Begin PBXProject section */
		CA9C8B1B2BC2AA4A00FF4A41 /* Project object */ = {
			isa = PBXProject;
			attributes = {
				BuildIndependentTargetsInParallel = 1;
				LastSwiftUpdateCheck = 1530;
				LastUpgradeCheck = 1530;
				TargetAttributes = {
					CA9C8B222BC2AA4A00FF4A41 = {
						CreatedOnToolsVersion = 15.3;
					};
				};
			};
			buildConfigurationList = CA9C8B1E2BC2AA4A00FF4A41 /* Build configuration list for PBXProject "BucketList" */;
			compatibilityVersion = "Xcode 14.0";
			developmentRegion = en;
			hasScannedForEncodings = 0;
			knownRegions = (
				en,
				Base,
			);
			mainGroup = CA9C8B1A2BC2AA4A00FF4A41;
			productRefGroup = CA9C8B242BC2AA4A00FF4A41 /* Products */;
			projectDirPath = "";
			projectRoot = "";
			targets = (
				CA9C8B222BC2AA4A00FF4A41 /* BucketList */,
			);
		};
/* End PBXProject section */

/* Begin PBXResourcesBuildPhase section */
		CA9C8B212BC2AA4A00FF4A41 /* Resources */ = {
			isa = PBXResourcesBuildPhase;
			buildActionMask = 2147483647;
			files = (
				CA9C8B2E2BC2AA4C00FF4A41 /* Preview Assets.xcassets in Resources */,
				CA9C8B2B2BC2AA4C00FF4A41 /* Assets.xcassets in Resources */,
			);
			runOnlyForDeploymentPostprocessing = 0;
		};
/* End PBXResourcesBuildPhase section */

/* Begin PBXSourcesBuildPhase section */
		CA9C8B1F2BC2AA4A00FF4A41 /* Sources */ = {
			isa = PBXSourcesBuildPhase;
			buildActionMask = 2147483647;
			files = (
				CA9C8B372BC30A2200FF4A41 /* SwitchingViewStatesWithEnums.swift in Sources */,
				CA9C8B3D2BC31EE500FF4A41 /* AddingUserLocationsMap.swift in Sources */,
				CA9C8B3F2BC3253800FF4A41 /* Location.swift in Sources */,
				CA9C8B352BC2AC2900FF4A41 /* AddingConformanceComparable.swift in Sources */,
				CA9C8B292BC2AA4A00FF4A41 /* ContentView.swift in Sources */,
				CA9C8B412BC3336900FF4A41 /* EditView.swift in Sources */,
				CA9C8B432BC33A8A00FF4A41 /* Result.swift in Sources */,
				CA9C8B392BC30DB200FF4A41 /* MapKitCV.swift in Sources */,
				CA9C8B272BC2AA4A00FF4A41 /* BucketListApp.swift in Sources */,
				CA9C8B3B2BC3188200FF4A41 /* TouchIDFaceIDCV.swift in Sources */,
			);
			runOnlyForDeploymentPostprocessing = 0;
		};
/* End PBXSourcesBuildPhase section */

/* Begin XCBuildConfiguration section */
		CA9C8B2F2BC2AA4C00FF4A41 /* Debug */ = {
			isa = XCBuildConfiguration;
			buildSettings = {
				ALWAYS_SEARCH_USER_PATHS = NO;
				ASSETCATALOG_COMPILER_GENERATE_SWIFT_ASSET_SYMBOL_EXTENSIONS = YES;
				CLANG_ANALYZER_NONNULL = YES;
				CLANG_ANALYZER_NUMBER_OBJECT_CONVERSION = YES_AGGRESSIVE;
				CLANG_CXX_LANGUAGE_STANDARD = "gnu++20";
				CLANG_ENABLE_MODULES = YES;
				CLANG_ENABLE_OBJC_ARC = YES;
				CLANG_ENABLE_OBJC_WEAK = YES;
				CLANG_WARN_BLOCK_CAPTURE_AUTORELEASING = YES;
				CLANG_WARN_BOOL_CONVERSION = YES;
				CLANG_WARN_COMMA = YES;
				CLANG_WARN_CONSTANT_CONVERSION = YES;
				CLANG_WARN_DEPRECATED_OBJC_IMPLEMENTATIONS = YES;
				CLANG_WARN_DIRECT_OBJC_ISA_USAGE = YES_ERROR;
				CLANG_WARN_DOCUMENTATION_COMMENTS = YES;
				CLANG_WARN_EMPTY_BODY = YES;
				CLANG_WARN_ENUM_CONVERSION = YES;
				CLANG_WARN_INFINITE_RECURSION = YES;
				CLANG_WARN_INT_CONVERSION = YES;
				CLANG_WARN_NON_LITERAL_NULL_CONVERSION = YES;
				CLANG_WARN_OBJC_IMPLICIT_RETAIN_SELF = YES;
				CLANG_WARN_OBJC_LITERAL_CONVERSION = YES;
				CLANG_WARN_OBJC_ROOT_CLASS = YES_ERROR;
				CLANG_WARN_QUOTED_INCLUDE_IN_FRAMEWORK_HEADER = YES;
				CLANG_WARN_RANGE_LOOP_ANALYSIS = YES;
				CLANG_WARN_STRICT_PROTOTYPES = YES;
				CLANG_WARN_SUSPICIOUS_MOVE = YES;
				CLANG_WARN_UNGUARDED_AVAILABILITY = YES_AGGRESSIVE;
				CLANG_WARN_UNREACHABLE_CODE = YES;
				CLANG_WARN__DUPLICATE_METHOD_MATCH = YES;
				COPY_PHASE_STRIP = NO;
				DEBUG_INFORMATION_FORMAT = dwarf;
				ENABLE_STRICT_OBJC_MSGSEND = YES;
				ENABLE_TESTABILITY = YES;
				ENABLE_USER_SCRIPT_SANDBOXING = YES;
				GCC_C_LANGUAGE_STANDARD = gnu17;
				GCC_DYNAMIC_NO_PIC = NO;
				GCC_NO_COMMON_BLOCKS = YES;
				GCC_OPTIMIZATION_LEVEL = 0;
				GCC_PREPROCESSOR_DEFINITIONS = (
					"DEBUG=1",
					"$(inherited)",
				);
				GCC_WARN_64_TO_32_BIT_CONVERSION = YES;
				GCC_WARN_ABOUT_RETURN_TYPE = YES_ERROR;
				GCC_WARN_UNDECLARED_SELECTOR = YES;
				GCC_WARN_UNINITIALIZED_AUTOS = YES_AGGRESSIVE;
				GCC_WARN_UNUSED_FUNCTION = YES;
				GCC_WARN_UNUSED_VARIABLE = YES;
				IPHONEOS_DEPLOYMENT_TARGET = 17.4;
				LOCALIZATION_PREFERS_STRING_CATALOGS = YES;
				MTL_ENABLE_DEBUG_INFO = INCLUDE_SOURCE;
				MTL_FAST_MATH = YES;
				ONLY_ACTIVE_ARCH = YES;
				SDKROOT = iphoneos;
				SWIFT_ACTIVE_COMPILATION_CONDITIONS = "DEBUG $(inherited)";
				SWIFT_OPTIMIZATION_LEVEL = "-Onone";
			};
			name = Debug;
		};
		CA9C8B302BC2AA4C00FF4A41 /* Release */ = {
			isa = XCBuildConfiguration;
			buildSettings = {
				ALWAYS_SEARCH_USER_PATHS = NO;
				ASSETCATALOG_COMPILER_GENERATE_SWIFT_ASSET_SYMBOL_EXTENSIONS = YES;
				CLANG_ANALYZER_NONNULL = YES;
				CLANG_ANALYZER_NUMBER_OBJECT_CONVERSION = YES_AGGRESSIVE;
				CLANG_CXX_LANGUAGE_STANDARD = "gnu++20";
				CLANG_ENABLE_MODULES = YES;
				CLANG_ENABLE_OBJC_ARC = YES;
				CLANG_ENABLE_OBJC_WEAK = YES;
				CLANG_WARN_BLOCK_CAPTURE_AUTORELEASING = YES;
				CLANG_WARN_BOOL_CONVERSION = YES;
				CLANG_WARN_COMMA = YES;
				CLANG_WARN_CONSTANT_CONVERSION = YES;
				CLANG_WARN_DEPRECATED_OBJC_IMPLEMENTATIONS = YES;
				CLANG_WARN_DIRECT_OBJC_ISA_USAGE = YES_ERROR;
				CLANG_WARN_DOCUMENTATION_COMMENTS = YES;
				CLANG_WARN_EMPTY_BODY = YES;
				CLANG_WARN_ENUM_CONVERSION = YES;
				CLANG_WARN_INFINITE_RECURSION = YES;
				CLANG_WARN_INT_CONVERSION = YES;
				CLANG_WARN_NON_LITERAL_NULL_CONVERSION = YES;
				CLANG_WARN_OBJC_IMPLICIT_RETAIN_SELF = YES;
				CLANG_WARN_OBJC_LITERAL_CONVERSION = YES;
				CLANG_WARN_OBJC_ROOT_CLASS = YES_ERROR;
				CLANG_WARN_QUOTED_INCLUDE_IN_FRAMEWORK_HEADER = YES;
				CLANG_WARN_RANGE_LOOP_ANALYSIS = YES;
				CLANG_WARN_STRICT_PROTOTYPES = YES;
				CLANG_WARN_SUSPICIOUS_MOVE = YES;
				CLANG_WARN_UNGUARDED_AVAILABILITY = YES_AGGRESSIVE;
				CLANG_WARN_UNREACHABLE_CODE = YES;
				CLANG_WARN__DUPLICATE_METHOD_MATCH = YES;
				COPY_PHASE_STRIP = NO;
				DEBUG_INFORMATION_FORMAT = "dwarf-with-dsym";
				ENABLE_NS_ASSERTIONS = NO;
				ENABLE_STRICT_OBJC_MSGSEND = YES;
				ENABLE_USER_SCRIPT_SANDBOXING = YES;
				GCC_C_LANGUAGE_STANDARD = gnu17;
				GCC_NO_COMMON_BLOCKS = YES;
				GCC_WARN_64_TO_32_BIT_CONVERSION = YES;
				GCC_WARN_ABOUT_RETURN_TYPE = YES_ERROR;
				GCC_WARN_UNDECLARED_SELECTOR = YES;
				GCC_WARN_UNINITIALIZED_AUTOS = YES_AGGRESSIVE;
				GCC_WARN_UNUSED_FUNCTION = YES;
				GCC_WARN_UNUSED_VARIABLE = YES;
				IPHONEOS_DEPLOYMENT_TARGET = 17.4;
				LOCALIZATION_PREFERS_STRING_CATALOGS = YES;
				MTL_ENABLE_DEBUG_INFO = NO;
				MTL_FAST_MATH = YES;
				SDKROOT = iphoneos;
				SWIFT_COMPILATION_MODE = wholemodule;
				VALIDATE_PRODUCT = YES;
			};
			name = Release;
		};
		CA9C8B322BC2AA4C00FF4A41 /* Debug */ = {
			isa = XCBuildConfiguration;
			buildSettings = {
				ASSETCATALOG_COMPILER_APPICON_NAME = AppIcon;
				ASSETCATALOG_COMPILER_GLOBAL_ACCENT_COLOR_NAME = AccentColor;
				CODE_SIGN_STYLE = Automatic;
				CURRENT_PROJECT_VERSION = 1;
				DEVELOPMENT_ASSET_PATHS = "\"BucketList/Preview Content\"";
				DEVELOPMENT_TEAM = VY6BU9F56X;
				ENABLE_PREVIEWS = YES;
				GENERATE_INFOPLIST_FILE = YES;
				INFOPLIST_KEY_NSFaceIDUsageDescription = "We need to unlock your data.";
				INFOPLIST_KEY_UIApplicationSceneManifest_Generation = YES;
				INFOPLIST_KEY_UIApplicationSupportsIndirectInputEvents = YES;
				INFOPLIST_KEY_UILaunchScreen_Generation = YES;
				INFOPLIST_KEY_UISupportedInterfaceOrientations_iPad = "UIInterfaceOrientationPortrait UIInterfaceOrientationPortraitUpsideDown UIInterfaceOrientationLandscapeLeft UIInterfaceOrientationLandscapeRight";
				INFOPLIST_KEY_UISupportedInterfaceOrientations_iPhone = "UIInterfaceOrientationPortrait UIInterfaceOrientationLandscapeLeft UIInterfaceOrientationLandscapeRight";
				LD_RUNPATH_SEARCH_PATHS = (
					"$(inherited)",
					"@executable_path/Frameworks",
				);
				MARKETING_VERSION = 1.0;
				PRODUCT_BUNDLE_IDENTIFIER = "white-wolf.BucketList";
				PRODUCT_NAME = "$(TARGET_NAME)";
				SWIFT_EMIT_LOC_STRINGS = YES;
				SWIFT_VERSION = 5.0;
				TARGETED_DEVICE_FAMILY = "1,2";
			};
			name = Debug;
		};
		CA9C8B332BC2AA4C00FF4A41 /* Release */ = {
			isa = XCBuildConfiguration;
			buildSettings = {
				ASSETCATALOG_COMPILER_APPICON_NAME = AppIcon;
				ASSETCATALOG_COMPILER_GLOBAL_ACCENT_COLOR_NAME = AccentColor;
				CODE_SIGN_STYLE = Automatic;
				CURRENT_PROJECT_VERSION = 1;
				DEVELOPMENT_ASSET_PATHS = "\"BucketList/Preview Content\"";
				DEVELOPMENT_TEAM = VY6BU9F56X;
				ENABLE_PREVIEWS = YES;
				GENERATE_INFOPLIST_FILE = YES;
				INFOPLIST_KEY_NSFaceIDUsageDescription = "We need to unlock your data.";
				INFOPLIST_KEY_UIApplicationSceneManifest_Generation = YES;
				INFOPLIST_KEY_UIApplicationSupportsIndirectInputEvents = YES;
				INFOPLIST_KEY_UILaunchScreen_Generation = YES;
				INFOPLIST_KEY_UISupportedInterfaceOrientations_iPad = "UIInterfaceOrientationPortrait UIInterfaceOrientationPortraitUpsideDown UIInterfaceOrientationLandscapeLeft UIInterfaceOrientationLandscapeRight";
				INFOPLIST_KEY_UISupportedInterfaceOrientations_iPhone = "UIInterfaceOrientationPortrait UIInterfaceOrientationLandscapeLeft UIInterfaceOrientationLandscapeRight";
				LD_RUNPATH_SEARCH_PATHS = (
					"$(inherited)",
					"@executable_path/Frameworks",
				);
				MARKETING_VERSION = 1.0;
				PRODUCT_BUNDLE_IDENTIFIER = "white-wolf.BucketList";
				PRODUCT_NAME = "$(TARGET_NAME)";
				SWIFT_EMIT_LOC_STRINGS = YES;
				SWIFT_VERSION = 5.0;
				TARGETED_DEVICE_FAMILY = "1,2";
			};
			name = Release;
		};
/* End XCBuildConfiguration section */

/* Begin XCConfigurationList section */
		CA9C8B1E2BC2AA4A00FF4A41 /* Build configuration list for PBXProject "BucketList" */ = {
			isa = XCConfigurationList;
			buildConfigurations = (
				CA9C8B2F2BC2AA4C00FF4A41 /* Debug */,
				CA9C8B302BC2AA4C00FF4A41 /* Release */,
			);
			defaultConfigurationIsVisible = 0;
			defaultConfigurationName = Release;
		};
		CA9C8B312BC2AA4C00FF4A41 /* Build configuration list for PBXNativeTarget "BucketList" */ = {
			isa = XCConfigurationList;
			buildConfigurations = (
				CA9C8B322BC2AA4C00FF4A41 /* Debug */,
				CA9C8B332BC2AA4C00FF4A41 /* Release */,
			);
			defaultConfigurationIsVisible = 0;
			defaultConfigurationName = Release;
		};
/* End XCConfigurationList section */
	};
	rootObject = CA9C8B1B2BC2AA4A00FF4A41 /* Project object */;
}
